
Microsoft Visual Studio Solution File, Format Version 12.00
# Visual Studio Version 17
VisualStudioVersion = 17.3.32819.101
MinimumVisualStudioVersion = 10.0.40219.1
Project("{FAE04EC0-301F-11D3-BF4B-00C04F79EFBC}") = "youtubetomusic", "youtubetomusic\youtubetomusic.csproj", "{54F733DB-F02A-4527-AED4-C9CB62B5DDC0}"
EndProject
Global
	GlobalSection(SolutionConfigurationPlatforms) = preSolution
		Debug|Any CPU = Debug|Any CPU
		Release|Any CPU = Release|Any CPU
	EndGlobalSection
	GlobalSection(ProjectConfigurationPlatforms) = postSolution
		{54F733DB-F02A-4527-AED4-C9CB62B5DDC0}.Debug|Any CPU.ActiveCfg = Debug|Any CPU
		{54F733DB-F02A-4527-AED4-C9CB62B5DDC0}.Debug|Any CPU.Build.0 = Debug|Any CPU
		{54F733DB-F02A-4527-AED4-C9CB62B5DDC0}.Release|Any CPU.ActiveCfg = Release|Any CPU
		{54F733DB-F02A-4527-AED4-C9CB62B5DDC0}.Release|Any CPU.Build.0 = Release|Any CPU
	EndGlobalSection
	GlobalSection(SolutionProperties) = preSolution
		HideSolutionNode = FALSE
	EndGlobalSection
	GlobalSection(ExtensibilityGlobals) = postSolution
		SolutionGuid = {B7322831-C64C-4198-931C-90EE8AF5B667}
	EndGlobalSection
EndGlobal
